lockfileVersion: '9.0'

settings:
  autoInstallPeers: true
  excludeLinksFromLockfile: false

importers:

  .:
    dependencies:
      '@bokuweb/zstd-wasm':
        specifier: ^0.0.27
        version: 0.0.27
      lz-string:
        specifier: ^1.5.0
        version: 1.5.0
      simple-zstd:
        specifier: ^2.1.0
        version: 2.1.0
    devDependencies:
      '@types/node':
        specifier: ^22.0.0
        version: 22.20.1
      typescript:
        specifier: ^5.7.0
        version: 5.7.2

packages:

  '@bokuweb/zstd-wasm@0.0.27':
    resolution: {integrity: sha512-GDm2uOTK3ESjnYmSeLQifJnBsRCWajKLvN32D2ZcQaaCIJI/Hse9s74f7APXjHit95S10UImsRGkTsbwHmrtmg==}

  '@types/node@22.20.1':
    resolution: {integrity: sha512-EANqOCF9QFyra+4pfxUcX9STKJpCLjMbObVzljIJomAWSnuSIEAvyzEU53GaajbXJEgdh0iEcPL+DGvpUd4k1Q==}

  debug@4.4.3:
    resolution: {integrity: sha512-RGwwWnwQvkVfavKVt22FGLw+xYSdzARwm0ru6DhTVA3umU5hZc28V3kO4stgYryrTlLpuvgI9GiijltAjNbcqA==}
    engines: {node: '>=6.0'}
    peerDependencies:
      supports-color: '*'
    peerDependenciesMeta:
      supports-color:
        optional: true

  is-zst@1.0.0:
    resolution: {integrity: sha512-ZA5lvshKAl8z30dX7saXLpVhpsq3d2EHK9uf7qtUjnOtdw4XBpAoWb2RvZ5kyoaebdoidnGI0g2hn9Z7ObPbww==}

  lz-string@1.5.0:
    resolution: {integrity: sha512-h5bgJWpxJNswbU7qCrV0tIKQCaS3blPDrqKWx+QxzuzL1zGUzij9XCWLrSLsJPu5t+eWA/ycetzYAO5IOMcWAQ==}
    hasBin: true

  ms@2.1.3:
    resolution: {integrity: sha512-6FlzubTLZG3J2a/NVCAleEhjzq5oxgHyaCU9yYXvcLsvoVaHJq/s5xXI6/XXP6tz7R9xAOtHnSO/tXtF3WRTlA==}

  simple-zstd@2.1.0:
    resolution: {integrity: sha512-pYzmKWl167db0EHoczlsSpmyjvZ7OinXciHicDEtlHjSKZlo1hPz6tXSyOfS84QIrbWPYT0XW9tx24YtGdQ6cA==}
    engines: {node: '>=22.0.0'}

  tmp-promise@3.0.3:
    resolution: {integrity: sha512-RwM7MoPojPxsOBYnyd2hy0bxtIlVrihNs9pj5SUvY8Zz1sQcQG2tG1hSr8PDxfgEB8RNKDhqbIlroIarSNDNsQ==}

  tmp@0.2.7:
    resolution: {integrity: sha512-e0votIpp4Uo2AJYSzVHV6xCcawuiez3DzqDAbrTc3YxBkplN6e+dM13ZeIcZnDg/QpSuU2zfZ3rzwY8ukEnaXw==}
    engines: {node: '>=14.14'}

  typescript@5.7.2:
    resolution: {integrity: sha512-i5t66RHxDvVN40HfDd1PsEThGNnlMCMT3jMUuoh9/0TaqWevNontacunWyN02LA9/fIbEWlcHZcgTKb9QoaLfg==}
    engines: {node: '>=14.17'}
    hasBin: true

  undici-types@6.21.0:
    resolution: {integrity: sha512-iwDZqg0QAGrg9Rav5H4n0M64c3mkR59cJ6wQp+7C4nI0gsmExaedaYLNO44eT4AtBBwjbTiGPMlt2Md0T9H9JQ==}

snapshots:

  '@bokuweb/zstd-wasm@0.0.27': {}

  '@types/node@22.20.1':
    dependencies:
      undici-types: 6.21.0

  debug@4.4.3:
    dependencies:
      ms: 2.1.3

  is-zst@1.0.0: {}

  lz-string@1.5.0: {}

  ms@2.1.3: {}

  simple-zstd@2.1.0:
    dependencies:
      debug: 4.4.3
      is-zst: 1.0.0
      tmp-promise: 3.0.3
    transitivePeerDependencies:
      - supports-color

  tmp-promise@3.0.3:
    dependencies:
      tmp: 0.2.7

  tmp@0.2.7: {}

  typescript@5.7.2: {}

  undici-types@6.21.0: {}
