lockfileVersion: '9.0'

settings:
  autoInstallPeers: true
  excludeLinksFromLockfile: false

importers:

  .:
    devDependencies:
      '@node-rs/jieba':
        specifier: ^1.10.4
        version: 1.10.4
      '@types/node':
        specifier: ^22.0.0
        version: 22.20.0
      typescript:
        specifier: ^5.7.0
        version: 5.7.2

packages:

  '@emnapi/core@1.11.2':
    resolution: {integrity: sha512-TC8MkTuZUtcTSiFeuC0ksCh9QIJ5+F21MvZ4Wn4ORfYaFJ/0dsiudv5tVkejgwZlwQ39jL9WWDe2lz8x0WglOA==}

  '@emnapi/runtime@1.11.2':
    resolution: {integrity: sha512-kyOl3X0DuTiT1h2ft8r2fYO8JYtU9a9Xis/zBSiGArNaagCOWx90N1k2wxp18czFDH+OgcWGb5ZP/XMt3dcyPA==}

  '@emnapi/wasi-threads@1.2.2':
    resolution: {integrity: sha512-c95qOXkHdydNKhscBTebqEC1CVAZpyqOfVfBzQ1qgzyl3gfeldUjIggDbIZgDKsHLgnsM+igH7TJ/eAasaVuMA==}

  '@napi-rs/wasm-runtime@0.2.12':
    resolution: {integrity: sha512-ZVWUcfwY4E/yPitQJl481FjFo3K22D6qF0DuFH6Y/nbnE11GY5uguDxZMGXPQ8WQ0128MXQD7TnfHyK4oWoIJQ==}

  '@node-rs/jieba-android-arm-eabi@1.10.4':
    resolution: {integrity: sha512-MhyvW5N3Fwcp385d0rxbCWH42kqDBatQTyP8XbnYbju2+0BO/eTeCCLYj7Agws4pwxn2LtdldXRSKavT7WdzNA==}
    engines: {node: '>= 10'}
    cpu: [arm]
    os: [android]

  '@node-rs/jieba-android-arm64@1.10.4':
    resolution: {integrity: sha512-XyDwq5+rQ+Tk55A+FGi6PtJbzf974oqnpyCcCPzwU3QVXJCa2Rr4Lci+fx8oOpU4plT3GuD+chXMYLsXipMgJA==}
    engines: {node: '>= 10'}
    cpu: [arm64]
    os: [android]

  '@node-rs/jieba-darwin-arm64@1.10.4':
    resolution: {integrity: sha512-G++RYEJ2jo0rxF9626KUy90wp06TRUjAsvY/BrIzEOX/ingQYV/HjwQzNPRR1P1o32a6/U8RGo7zEBhfdybL6w==}
    engines: {node: '>= 10'}
    cpu: [arm64]
    os: [darwin]

  '@node-rs/jieba-darwin-x64@1.10.4':
    resolution: {integrity: sha512-MmDNeOb2TXIZCPyWCi2upQnZpPjAxw5ZGEj6R8kNsPXVFALHIKMa6ZZ15LCOkSTsKXVC17j2t4h+hSuyYb6qfQ==}
    engines: {node: '>= 10'}
    cpu: [x64]
    os: [darwin]

  '@node-rs/jieba-freebsd-x64@1.10.4':
    resolution: {integrity: sha512-/x7aVQ8nqUWhpXU92RZqd333cq639i/olNpd9Z5hdlyyV5/B65LLy+Je2B2bfs62PVVm5QXRpeBcZqaHelp/bg==}
    engines: {node: '>= 10'}
    cpu: [x64]
    os: [freebsd]

  '@node-rs/jieba-linux-arm-gnueabihf@1.10.4':
    resolution: {integrity: sha512-crd2M35oJBRLkoESs0O6QO3BBbhpv+tqXuKsqhIG94B1d02RVxtRIvSDwO33QurxqSdvN9IeSnVpHbDGkuXm3g==}
    engines: {node: '>= 10'}
    cpu: [arm]
    os: [linux]

  '@node-rs/jieba-linux-arm64-gnu@1.10.4':
    resolution: {integrity: sha512-omIzNX1psUzPcsdnUhGU6oHeOaTCuCjUgOA/v/DGkvWC1jLcnfXe4vdYbtXMh4XOCuIgS1UCcvZEc8vQLXFbXQ==}
    engines: {node: '>= 10'}
    cpu: [arm64]
    os: [linux]
    libc: [glibc]

  '@node-rs/jieba-linux-arm64-musl@1.10.4':
    resolution: {integrity: sha512-Y/tiJ1+HeS5nnmLbZOE+66LbsPOHZ/PUckAYVeLlQfpygLEpLYdlh0aPpS5uiaWMjAXYZYdFkpZHhxDmSLpwpw==}
    engines: {node: '>= 10'}
    cpu: [arm64]
    os: [linux]
    libc: [musl]

  '@node-rs/jieba-linux-x64-gnu@1.10.4':
    resolution: {integrity: sha512-WZO8ykRJpWGE9MHuZpy1lu3nJluPoeB+fIJJn5CWZ9YTVhNDWoCF4i/7nxz1ntulINYGQ8VVuCU9LD86Mek97g==}
    engines: {node: '>= 10'}
    cpu: [x64]
    os: [linux]
    libc: [glibc]

  '@node-rs/jieba-linux-x64-musl@1.10.4':
    resolution: {integrity: sha512-uBBD4S1rGKcgCyAk6VCKatEVQb6EDD5I40v/DxODi5CuZVCANi9m5oee/MQbAoaX7RydA2f0OSCE9/tcwXEwUg==}
    engines: {node: '>= 10'}
    cpu: [x64]
    os: [linux]
    libc: [musl]

  '@node-rs/jieba-wasm32-wasi@1.10.4':
    resolution: {integrity: sha512-Y2umiKHjuIJy0uulNDz9SDYHdfq5Hmy7jY5nORO99B4pySKkcrMjpeVrmWXJLIsEKLJwcCXHxz8tjwU5/uhz0A==}
    engines: {node: '>=14.0.0'}
    cpu: [wasm32]

  '@node-rs/jieba-win32-arm64-msvc@1.10.4':
    resolution: {integrity: sha512-nwMtViFm4hjqhz1it/juQnxpXgqlGltCuWJ02bw70YUDMDlbyTy3grCJPpQQpueeETcALUnTxda8pZuVrLRcBA==}
    engines: {node: '>= 10'}
    cpu: [arm64]
    os: [win32]

  '@node-rs/jieba-win32-ia32-msvc@1.10.4':
    resolution: {integrity: sha512-DCAvLx7Z+W4z5oKS+7vUowAJr0uw9JBw8x1Y23Xs/xMA4Em+OOSiaF5/tCJqZUCJ8uC4QeImmgDFiBqGNwxlyA==}
    engines: {node: '>= 10'}
    cpu: [ia32]
    os: [win32]

  '@node-rs/jieba-win32-x64-msvc@1.10.4':
    resolution: {integrity: sha512-+sqemSfS1jjb+Tt7InNbNzrRh1Ua3vProVvC4BZRPg010/leCbGFFiQHpzcPRfpxAXZrzG5Y0YBTsPzN/I4yHQ==}
    engines: {node: '>= 10'}
    cpu: [x64]
    os: [win32]

  '@node-rs/jieba@1.10.4':
    resolution: {integrity: sha512-GvDgi8MnBiyWd6tksojej8anIx18244NmIOc1ovEw8WKNUejcccLfyu8vj66LWSuoZuKILVtNsOy4jvg3aoxIw==}
    engines: {node: '>= 10'}

  '@tybys/wasm-util@0.10.3':
    resolution: {integrity: sha512-F3fo1MYrRJYL3zER0OUOmkutjr1Vp23m7OsSgp7nq4SP6OqX6C/56XFIPAl5bt3zaBRjmW7SGz3u/6LwFpYcOg==}

  '@types/node@22.20.0':
    resolution: {integrity: sha512-QWlFW2wf3nTjC13/DqRnBpR4ZO36VJH/JVBkA/vcnmbTBNQIlnObqyqZE1tUR7+Ni23Lda8R1BxMfbXRpCUx5g==}

  tslib@2.8.1:
    resolution: {integrity: sha512-oJFu94HQb+KVduSUQL7wnpmqnfmLsOA/nAh6b6EH0wCEoK0/mPeXU6c3wKDV83MkOuHPRHtSXKKU99IBazS/2w==}

  typescript@5.7.2:
    resolution: {integrity: sha512-i5t66RHxDvVN40HfDd1PsEThGNnlMCMT3jMUuoh9/0TaqWevNontacunWyN02LA9/fIbEWlcHZcgTKb9QoaLfg==}
    engines: {node: '>=14.17'}
    hasBin: true

  undici-types@6.21.0:
    resolution: {integrity: sha512-iwDZqg0QAGrg9Rav5H4n0M64c3mkR59cJ6wQp+7C4nI0gsmExaedaYLNO44eT4AtBBwjbTiGPMlt2Md0T9H9JQ==}

snapshots:

  '@emnapi/core@1.11.2':
    dependencies:
      '@emnapi/wasi-threads': 1.2.2
      tslib: 2.8.1
    optional: true

  '@emnapi/runtime@1.11.2':
    dependencies:
      tslib: 2.8.1
    optional: true

  '@emnapi/wasi-threads@1.2.2':
    dependencies:
      tslib: 2.8.1
    optional: true

  '@napi-rs/wasm-runtime@0.2.12':
    dependencies:
      '@emnapi/core': 1.11.2
      '@emnapi/runtime': 1.11.2
      '@tybys/wasm-util': 0.10.3
    optional: true

  '@node-rs/jieba-android-arm-eabi@1.10.4':
    optional: true

  '@node-rs/jieba-android-arm64@1.10.4':
    optional: true

  '@node-rs/jieba-darwin-arm64@1.10.4':
    optional: true

  '@node-rs/jieba-darwin-x64@1.10.4':
    optional: true

  '@node-rs/jieba-freebsd-x64@1.10.4':
    optional: true

  '@node-rs/jieba-linux-arm-gnueabihf@1.10.4':
    optional: true

  '@node-rs/jieba-linux-arm64-gnu@1.10.4':
    optional: true

  '@node-rs/jieba-linux-arm64-musl@1.10.4':
    optional: true

  '@node-rs/jieba-linux-x64-gnu@1.10.4':
    optional: true

  '@node-rs/jieba-linux-x64-musl@1.10.4':
    optional: true

  '@node-rs/jieba-wasm32-wasi@1.10.4':
    dependencies:
      '@napi-rs/wasm-runtime': 0.2.12
    optional: true

  '@node-rs/jieba-win32-arm64-msvc@1.10.4':
    optional: true

  '@node-rs/jieba-win32-ia32-msvc@1.10.4':
    optional: true

  '@node-rs/jieba-win32-x64-msvc@1.10.4':
    optional: true

  '@node-rs/jieba@1.10.4':
    optionalDependencies:
      '@node-rs/jieba-android-arm-eabi': 1.10.4
      '@node-rs/jieba-android-arm64': 1.10.4
      '@node-rs/jieba-darwin-arm64': 1.10.4
      '@node-rs/jieba-darwin-x64': 1.10.4
      '@node-rs/jieba-freebsd-x64': 1.10.4
      '@node-rs/jieba-linux-arm-gnueabihf': 1.10.4
      '@node-rs/jieba-linux-arm64-gnu': 1.10.4
      '@node-rs/jieba-linux-arm64-musl': 1.10.4
      '@node-rs/jieba-linux-x64-gnu': 1.10.4
      '@node-rs/jieba-linux-x64-musl': 1.10.4
      '@node-rs/jieba-wasm32-wasi': 1.10.4
      '@node-rs/jieba-win32-arm64-msvc': 1.10.4
      '@node-rs/jieba-win32-ia32-msvc': 1.10.4
      '@node-rs/jieba-win32-x64-msvc': 1.10.4

  '@tybys/wasm-util@0.10.3':
    dependencies:
      tslib: 2.8.1
    optional: true

  '@types/node@22.20.0':
    dependencies:
      undici-types: 6.21.0

  tslib@2.8.1:
    optional: true

  typescript@5.7.2: {}

  undici-types@6.21.0: {}
